
Microsoft Visual Studio Solution File, Format Version 12.00
# Visual Studio Version 16
VisualStudioVersion = 16.0.30523.141
MinimumVisualStudioVersion = 10.0.40219.1
Project("{FAE04EC0-301F-11D3-BF4B-00C04F79EFBC}") = "KursWork", "KursWork\KursWork.csproj", "{73DF3200-A917-422F-B377-3C163337D0CB}"
EndProject
Global
	GlobalSection(SolutionConfigurationPlatforms) = preSolution
		Debug|Any CPU = Debug|Any CPU
		Release|Any CPU = Release|Any CPU
	EndGlobalSection
	GlobalSection(ProjectConfigurationPlatforms) = postSolution
		{73DF3200-A917-422F-B377-3C163337D0CB}.Debug|Any CPU.ActiveCfg = Debug|Any CPU
		{73DF3200-A917-422F-B377-3C163337D0CB}.Debug|Any CPU.Build.0 = Debug|Any CPU
		{73DF3200-A917-422F-B377-3C163337D0CB}.Release|Any CPU.ActiveCfg = Release|Any CPU
		{73DF3200-A917-422F-B377-3C163337D0CB}.Release|Any CPU.Build.0 = Release|Any CPU
	EndGlobalSection
	GlobalSection(SolutionProperties) = preSolution
		HideSolutionNode = FALSE
	EndGlobalSection
	GlobalSection(ExtensibilityGlobals) = postSolution
		SolutionGuid = {8437AC78-BBE5-4536-A581-B141A4ECC8FC}
	EndGlobalSection
EndGlobal
